// !$*UTF8*$!
{
	archiveVersion = 1;
	classes = {
	};
	objectVersion = 50;
	objects = {

/* Begin PBXBuildFile section */
		EE3C0A8B215DEBA2006B9217 /* AppDelegate.swift in Sources */ = {isa = PBXBuildFile; fileRef = EE3C0A8A215DEBA2006B9217 /* AppDelegate.swift */; };
		EE3C0A8D215DEBA2006B9217 /* ViewController.swift in Sources */ = {isa = PBXBuildFile; fileRef = EE3C0A8C215DEBA2006B9217 /* ViewController.swift */; };
		EE3C0A90215DEBA2006B9217 /* Main.storyboard in Resources */ = {isa = PBXBuildFile; fileRef = EE3C0A8E215DEBA2006B9217 /* Main.storyboard */; };
		EE3C0A92215DEBA2006B9217 /* Assets.xcassets in Resources */ = {isa = PBXBuildFile; fileRef = EE3C0A91215DEBA2006B9217 /* Assets.xcassets */; };
		EE3C0A95215DEBA2006B9217 /* LaunchScreen.storyboard in Resources */ = {isa = PBXBuildFile; fileRef = EE3C0A93215DEBA2006B9217 /* LaunchScreen.storyboard */; };
		EE3C0AA0215DEBA2006B9217 /* AlertPresenterTests.swift in Sources */ = {isa = PBXBuildFile; fileRef = EE3C0A9F215DEBA2006B9217 /* AlertPresenterTests.swift */; };
/* End PBXBuildFile section */

/* Begin PBXContainerItemProxy section */
		EE3C0A9C215DEBA2006B9217 /* PBXContainerItemProxy */ = {
			isa = PBXContainerItemProxy;
			containerPortal = EE3C0A7F215DEBA2006B9217 /* Project object */;
			proxyType = 1;
			remoteGlobalIDString = EE3C0A86215DEBA2006B9217;
			remoteInfo = AlertPresenter;
		};
/* End PBXContainerItemProxy section */

/* Begin PBXFileReference section */
		EE3C0A87215DEBA2006B9217 /* AlertPresenter.app */ = {isa = PBXFileReference; explicitFileType = wrapper.application; includeInIndex = 0; path = AlertPresenter.app; sourceTree = BUILT_PRODUCTS_DIR; };
		EE3C0A8A215DEBA2006B9217 /* AppDelegate.swift */ = {isa = PBXFileReference; lastKnownFileType = sourcecode.swift; path = AppDelegate.swift; sourceTree = "<group>"; };
		EE3C0A8C215DEBA2006B9217 /* ViewController.swift */ = {isa = PBXFileReference; lastKnownFileType = sourcecode.swift; path = ViewController.swift; sourceTree = "<group>"; };
		EE3C0A8F215DEBA2006B9217 /* Base */ = {isa = PBXFileReference; lastKnownFileType = file.storyboard; name = Base; path = Base.lproj/Main.storyboard; sourceTree = "<group>"; };
		EE3C0A91215DEBA2006B9217 /* Assets.xcassets */ = {isa = PBXFileReference; lastKnownFileType = folder.assetcatalog; path = Assets.xcassets; sourceTree = "<group>"; };
		EE3C0A94215DEBA2006B9217 /* Base */ = {isa = PBXFileReference; lastKnownFileType = file.storyboard; name = Base; path = Base.lproj/LaunchScreen.storyboard; sourceTree = "<group>"; };
		EE3C0A96215DEBA2006B9217 /* Info.plist */ = {isa = PBXFileReference; lastKnownFileType = text.plist.xml; path = Info.plist; sourceTree = "<group>"; };
		EE3C0A9B215DEBA2006B9217 /* AlertPresenterTests.xctest */ = {isa = PBXFileReference; explicitFileType = wrapper.cfbundle; includeInIndex = 0; path = AlertPresenterTests.xctest; sourceTree = BUILT_PRODUCTS_DIR; };
		EE3C0A9F215DEBA2006B9217 /* AlertPresenterTests.swift */ = {isa = PBXFileReference; lastKnownFileType = sourcecode.swift; path = AlertPresenterTests.swift; sourceTree = "<group>"; };
		EE3C0AA1215DEBA2006B9217 /* Info.plist */ = {isa = PBXFileReference; lastKnownFileType = text.plist.xml; path = Info.plist; sourceTree = "<group>"; };
/* End PBXFileReference section */

/* Begin PBXFrameworksBuildPhase section */
		EE3C0A84215DEBA2006B9217 /* Frameworks */ = {
			isa = PBXFrameworksBuildPhase;
			buildActionMask = 2147483647;
			files = (
			);
			runOnlyForDeploymentPostprocessing = 0;
		};
		EE3C0A98215DEBA2006B9217 /* Frameworks */ = {
			isa = PBXFrameworksBuildPhase;
			buildActionMask = 2147483647;
			files = (
			);
			runOnlyForDeploymentPostprocessing = 0;
		};
/* End PBXFrameworksBuildPhase section */

/* Begin PBXGroup section */
		EE3C0A7E215DEBA2006B9217 = {
			isa = PBXGroup;
			children = (
				EE3C0A89215DEBA2006B9217 /* AlertPresenter */,
				EE3C0A9E215DEBA2006B9217 /* AlertPresenterTests */,
				EE3C0A88215DEBA2006B9217 /* Products */,
			);
			sourceTree = "<group>";
		};
		EE3C0A88215DEBA2006B9217 /* Products */ = {
			isa = PBXGroup;
			children = (
				EE3C0A87215DEBA2006B9217 /* AlertPresenter.app */,
				EE3C0A9B215DEBA2006B9217 /* AlertPresenterTests.xctest */,
			);
			name = Products;
			sourceTree = "<group>";
		};
		EE3C0A89215DEBA2006B9217 /* AlertPresenter */ = {
			isa = PBXGroup;
			children = (
				EE3C0A8A215DEBA2006B9217 /* AppDelegate.swift */,
				EE3C0A8C215DEBA2006B9217 /* ViewController.swift */,
				EE3C0A8E215DEBA2006B9217 /* Main.storyboard */,
				EE3C0A91215DEBA2006B9217 /* Assets.xcassets */,
				EE3C0A93215DEBA2006B9217 /* LaunchScreen.storyboard */,
				EE3C0A96215DEBA2006B9217 /* Info.plist */,
			);
			path = AlertPresenter;
			sourceTree = "<group>";
		};
		EE3C0A9E215DEBA2006B9217 /* AlertPresenterTests */ = {
			isa = PBXGroup;
			children = (
				EE3C0A9F215DEBA2006B9217 /* AlertPresenterTests.swift */,
				EE3C0AA1215DEBA2006B9217 /* Info.plist */,
			);
			path = AlertPresenterTests;
			sourceTree = "<group>";
		};
/* End PBXGroup section */

/* Begin PBXNativeTarget section */
		EE3C0A86215DEBA2006B9217 /* AlertPresenter */ = {
			isa = PBXNativeTarget;
			buildConfigurationList = EE3C0AA4215DEBA2006B9217 /* Build configuration list for PBXNativeTarget "AlertPresenter" */;
			buildPhases = (
				EE3C0A83215DEBA2006B9217 /* Sources */,
				EE3C0A84215DEBA2006B9217 /* Frameworks */,
				EE3C0A85215DEBA2006B9217 /* Resources */,
			);
			buildRules = (
			);
			dependencies = (
			);
			name = AlertPresenter;
			productName = AlertPresenter;
			productReference = EE3C0A87215DEBA2006B9217 /* AlertPresenter.app */;
			productType = "com.apple.product-type.application";
		};
		EE3C0A9A215DEBA2006B9217 /* AlertPresenterTests */ = {
			isa = PBXNativeTarget;
			buildConfigurationList = EE3C0AA7215DEBA2006B9217 /* Build configuration list for PBXNativeTarget "AlertPresenterTests" */;
			buildPhases = (
				EE3C0A97215DEBA2006B9217 /* Sources */,
				EE3C0A98215DEBA2006B9217 /* Frameworks */,
				EE3C0A99215DEBA2006B9217 /* Resources */,
			);
			buildRules = (
			);
			dependencies = (
				EE3C0A9D215DEBA2006B9217 /* PBXTargetDependency */,
			);
			name = AlertPresenterTests;
			productName = AlertPresenterTests;
			productReference = EE3C0A9B215DEBA2006B9217 /* AlertPresenterTests.xctest */;
			productType = "com.apple.product-type.bundle.unit-test";
		};
/* End PBXNativeTarget section */

/* Begin PBXProject section */
		EE3C0A7F215DEBA2006B9217 /* Project object */ = {
			isa = PBXProject;
			attributes = {
				LastSwiftUpdateCheck = 1000;
				LastUpgradeCheck = 1000;
				ORGANIZATIONNAME = "Vaibhav Misra";
				TargetAttributes = {
					EE3C0A86215DEBA2006B9217 = {
						CreatedOnToolsVersion = 10.0;
					};
					EE3C0A9A215DEBA2006B9217 = {
						CreatedOnToolsVersion = 10.0;
						TestTargetID = EE3C0A86215DEBA2006B9217;
					};
				};
			};
			buildConfigurationList = EE3C0A82215DEBA2006B9217 /* Build configuration list for PBXProject "AlertPresenter" */;
			compatibilityVersion = "Xcode 9.3";
			developmentRegion = en;
			hasScannedForEncodings = 0;
			knownRegions = (
				en,
				Base,
			);
			mainGroup = EE3C0A7E215DEBA2006B9217;
			productRefGroup = EE3C0A88215DEBA2006B9217 /* Products */;
			projectDirPath = "";
			projectRoot = "";
			targets = (
				EE3C0A86215DEBA2006B9217 /* AlertPresenter */,
				EE3C0A9A215DEBA2006B9217 /* AlertPresenterTests */,
			);
		};
/* End PBXProject section */

/* Begin PBXResourcesBuildPhase section */
		EE3C0A85215DEBA2006B9217 /* Resources */ = {
			isa = PBXResourcesBuildPhase;
			buildActionMask = 2147483647;
			files = (
				EE3C0A95215DEBA2006B9217 /* LaunchScreen.storyboard in Resources */,
				EE3C0A92215DEBA2006B9217 /* Assets.xcassets in Resources */,
				EE3C0A90215DEBA2006B9217 /* Main.storyboard in Resources */,
			);
			runOnlyForDeploymentPostprocessing = 0;
		};
		EE3C0A99215DEBA2006B9217 /* Resources */ = {
			isa = PBXResourcesBuildPhase;
			buildActionMask = 2147483647;
			files = (
			);
			runOnlyForDeploymentPostprocessing = 0;
		};
/* End PBXResourcesBuildPhase section */

/* Begin PBXSourcesBuildPhase section */
		EE3C0A83215DEBA2006B9217 /* Sources */ = {
			isa = PBXSourcesBuildPhase;
			buildActionMask = 2147483647;
			files = (
				EE3C0A8D215DEBA2006B9217 /* ViewController.swift in Sources */,
				EE3C0A8B215DEBA2006B9217 /* AppDelegate.swift in Sources */,
			);
			runOnlyForDeploymentPostprocessing = 0;
		};
		EE3C0A97215DEBA2006B9217 /* Sources */ = {
			isa = PBXSourcesBuildPhase;
			buildActionMask = 2147483647;
			files = (
				EE3C0AA0215DEBA2006B9217 /* AlertPresenterTests.swift in Sources */,
			);
			runOnlyForDeploymentPostprocessing = 0;
		};
/* End PBXSourcesBuildPhase section */

/* Begin PBXTargetDependency section */
		EE3C0A9D215DEBA2006B9217 /* PBXTargetDependency */ = {
			isa = PBXTargetDependency;
			target = EE3C0A86215DEBA2006B9217 /* AlertPresenter */;
			targetProxy = EE3C0A9C215DEBA2006B9217 /* PBXContainerItemProxy */;
		};
/* End PBXTargetDependency section */

/* Begin PBXVariantGroup section */
		EE3C0A8E215DEBA2006B9217 /* Main.storyboard */ = {
			isa = PBXVariantGroup;
			children = (
				EE3C0A8F215DEBA2006B9217 /* Base */,
			);
			name = Main.storyboard;
			sourceTree = "<group>";
		};
		EE3C0A93215DEBA2006B9217 /* LaunchScreen.storyboard */ = {
			isa = PBXVariantGroup;
			children = (
				EE3C0A94215DEBA2006B9217 /* Base */,
			);
			name = LaunchScreen.storyboard;
			sourceTree = "<group>";
		};
/* End PBXVariantGroup section */

/* Begin XCBuildConfiguration section */
		EE3C0AA2215DEBA2006B9217 /* Debug */ = {
			isa = XCBuildConfiguration;
			buildSettings = {
				ALWAYS_SEARCH_USER_PATHS = NO;
				CLANG_ANALYZER_NONNULL = YES;
				CLANG_ANALYZER_NUMBER_OBJECT_CONVERSION = YES_AGGRESSIVE;
				CLANG_CXX_LANGUAGE_STANDARD = "gnu++14";
				CLANG_CXX_LIBRARY = "libc++";
				CLANG_ENABLE_MODULES = YES;
				CLANG_ENABLE_OBJC_ARC = YES;
				CLANG_ENABLE_OBJC_WEAK = YES;
				CLANG_WARN_BLOCK_CAPTURE_AUTORELEASING = YES;
				CLANG_WARN_BOOL_CONVERSION = YES;
				CLANG_WARN_COMMA = YES;
				CLANG_WARN_CONSTANT_CONVERSION = YES;
				CLANG_WARN_DEPRECATED_OBJC_IMPLEMENTATIONS = YES;
				CLANG_WARN_DIRECT_OBJC_ISA_USAGE = YES_ERROR;
				CLANG_WARN_DOCUMENTATION_COMMENTS = YES;
				CLANG_WARN_EMPTY_BODY = YES;
				CLANG_WARN_ENUM_CONVERSION = YES;
				CLANG_WARN_INFINITE_RECURSION = YES;
				CLANG_WARN_INT_CONVERSION = YES;
				CLANG_WARN_NON_LITERAL_NULL_CONVERSION = YES;
				CLANG_WARN_OBJC_IMPLICIT_RETAIN_SELF = YES;
				CLANG_WARN_OBJC_LITERAL_CONVERSION = YES;
				CLANG_WARN_OBJC_ROOT_CLASS = YES_ERROR;
				CLANG_WARN_RANGE_LOOP_ANALYSIS = YES;
				CLANG_WARN_STRICT_PROTOTYPES = YES;
				CLANG_WARN_SUSPICIOUS_MOVE = YES;
				CLANG_WARN_UNGUARDED_AVAILABILITY = YES_AGGRESSIVE;
				CLANG_WARN_UNREACHABLE_CODE = YES;
				CLANG_WARN__DUPLICATE_METHOD_MATCH = YES;
				CODE_SIGN_IDENTITY = "iPhone Developer";
				COPY_PHASE_STRIP = NO;
				DEBUG_INFORMATION_FORMAT = dwarf;
				ENABLE_STRICT_OBJC_MSGSEND = YES;
				ENABLE_TESTABILITY = YES;
				GCC_C_LANGUAGE_STANDARD = gnu11;
				GCC_DYNAMIC_NO_PIC = NO;
				GCC_NO_COMMON_BLOCKS = YES;
				GCC_OPTIMIZATION_LEVEL = 0;
				GCC_PREPROCESSOR_DEFINITIONS = (
					"DEBUG=1",
					"$(inherited)",
				);
				GCC_WARN_64_TO_32_BIT_CONVERSION = YES;
				GCC_WARN_ABOUT_RETURN_TYPE = YES_ERROR;
				GCC_WARN_UNDECLARED_SELECTOR = YES;
				GCC_WARN_UNINITIALIZED_AUTOS = YES_AGGRESSIVE;
				GCC_WARN_UNUSED_FUNCTION = YES;
				GCC_WARN_UNUSED_VARIABLE = YES;
				IPHONEOS_DEPLOYMENT_TARGET = 12.0;
				MTL_ENABLE_DEBUG_INFO = INCLUDE_SOURCE;
				MTL_FAST_MATH = YES;
				ONLY_ACTIVE_ARCH = YES;
				SDKROOT = iphoneos;
				SWIFT_ACTIVE_COMPILATION_CONDITIONS = DEBUG;
				SWIFT_OPTIMIZATION_LEVEL = "-Onone";
			};
			name = Debug;
		};
		EE3C0AA3215DEBA2006B9217 /* Release */ = {
			isa = XCBuildConfiguration;
			buildSettings = {
				ALWAYS_SEARCH_USER_PATHS = NO;
				CLANG_ANALYZER_NONNULL = YES;
				CLANG_ANALYZER_NUMBER_OBJECT_CONVERSION = YES_AGGRESSIVE;
				CLANG_CXX_LANGUAGE_STANDARD = "gnu++14";
				CLANG_CXX_LIBRARY = "libc++";
				CLANG_ENABLE_MODULES = YES;
				CLANG_ENABLE_OBJC_ARC = YES;
				CLANG_ENABLE_OBJC_WEAK = YES;
				CLANG_WARN_BLOCK_CAPTURE_AUTORELEASING = YES;
				CLANG_WARN_BOOL_CONVERSION = YES;
				CLANG_WARN_COMMA = YES;
				CLANG_WARN_CONSTANT_CONVERSION = YES;
				CLANG_WARN_DEPRECATED_OBJC_IMPLEMENTATIONS = YES;
				CLANG_WARN_DIRECT_OBJC_ISA_USAGE = YES_ERROR;
				CLANG_WARN_DOCUMENTATION_COMMENTS = YES;
				CLANG_WARN_EMPTY_BODY = YES;
				CLANG_WARN_ENUM_CONVERSION = YES;
				CLANG_WARN_INFINITE_RECURSION = YES;
				CLANG_WARN_INT_CONVERSION = YES;
				CLANG_WARN_NON_LITERAL_NULL_CONVERSION = YES;
				CLANG_WARN_OBJC_IMPLICIT_RETAIN_SELF = YES;
				CLANG_WARN_OBJC_LITERAL_CONVERSION = YES;
				CLANG_WARN_OBJC_ROOT_CLASS = YES_ERROR;
				CLANG_WARN_RANGE_LOOP_ANALYSIS = YES;
				CLANG_WARN_STRICT_PROTOTYPES = YES;
				CLANG_WARN_SUSPICIOUS_MOVE = YES;
				CLANG_WARN_UNGUARDED_AVAILABILITY = YES_AGGRESSIVE;
				CLANG_WARN_UNREACHABLE_CODE = YES;
				CLANG_WARN__DUPLICATE_METHOD_MATCH = YES;
				CODE_SIGN_IDENTITY = "iPhone Developer";
				COPY_PHASE_STRIP = NO;
				DEBUG_INFORMATION_FORMAT = "dwarf-with-dsym";
				ENABLE_NS_ASSERTIONS = NO;
				ENABLE_STRICT_OBJC_MSGSEND = YES;
				GCC_C_LANGUAGE_STANDARD = gnu11;
				GCC_NO_COMMON_BLOCKS = YES;
				GCC_WARN_64_TO_32_BIT_CONVERSION = YES;
				GCC_WARN_ABOUT_RETURN_TYPE = YES_ERROR;
				GCC_WARN_UNDECLARED_SELECTOR = YES;
				GCC_WARN_UNINITIALIZED_AUTOS = YES_AGGRESSIVE;
				GCC_WARN_UNUSED_FUNCTION = YES;
				GCC_WARN_UNUSED_VARIABLE = YES;
				IPHONEOS_DEPLOYMENT_TARGET = 12.0;
				MTL_ENABLE_DEBUG_INFO = NO;
				MTL_FAST_MATH = YES;
				SDKROOT = iphoneos;
				SWIFT_COMPILATION_MODE = wholemodule;
				SWIFT_OPTIMIZATION_LEVEL = "-O";
				VALIDATE_PRODUCT = YES;
			};
			name = Release;
		};
		EE3C0AA5215DEBA2006B9217 /* Debug */ = {
			isa = XCBuildConfiguration;
			buildSettings = {
				ASSETCATALOG_COMPILER_APPICON_NAME = AppIcon;
				CODE_SIGN_STYLE = Automatic;
				INFOPLIST_FILE = AlertPresenter/Info.plist;
				LD_RUNPATH_SEARCH_PATHS = (
					"$(inherited)",
					"@executable_path/Frameworks",
				);
				PRODUCT_BUNDLE_IDENTIFIER = com.VaibhavMisra.AlertPresenter;
				PRODUCT_NAME = "$(TARGET_NAME)";
				SWIFT_VERSION = 4.2;
				TARGETED_DEVICE_FAMILY = "1,2";
			};
			name = Debug;
		};
		EE3C0AA6215DEBA2006B9217 /* Release */ = {
			isa = XCBuildConfiguration;
			buildSettings = {
				ASSETCATALOG_COMPILER_APPICON_NAME = AppIcon;
				CODE_SIGN_STYLE = Automatic;
				INFOPLIST_FILE = AlertPresenter/Info.plist;
				LD_RUNPATH_SEARCH_PATHS = (
					"$(inherited)",
					"@executable_path/Frameworks",
				);
				PRODUCT_BUNDLE_IDENTIFIER = com.VaibhavMisra.AlertPresenter;
				PRODUCT_NAME = "$(TARGET_NAME)";
				SWIFT_VERSION = 4.2;
				TARGETED_DEVICE_FAMILY = "1,2";
			};
			name = Release;
		};
		EE3C0AA8215DEBA2006B9217 /* Debug */ = {
			isa = XCBuildConfiguration;
			buildSettings = {
				ALWAYS_EMBED_SWIFT_STANDARD_LIBRARIES = YES;
				BUNDLE_LOADER = "$(TEST_HOST)";
				CODE_SIGN_STYLE = Automatic;
				INFOPLIST_FILE = AlertPresenterTests/Info.plist;
				LD_RUNPATH_SEARCH_PATHS = (
					"$(inherited)",
					"@executable_path/Frameworks",
					"@loader_path/Frameworks",
				);
				PRODUCT_BUNDLE_IDENTIFIER = com.VaibhavMisra.AlertPresenterTests;
				PRODUCT_NAME = "$(TARGET_NAME)";
				SWIFT_VERSION = 4.2;
				TARGETED_DEVICE_FAMILY = "1,2";
				TEST_HOST = "$(BUILT_PRODUCTS_DIR)/AlertPresenter.app/AlertPresenter";
			};
			name = Debug;
		};
		EE3C0AA9215DEBA2006B9217 /* Release */ = {
			isa = XCBuildConfiguration;
			buildSettings = {
				ALWAYS_EMBED_SWIFT_STANDARD_LIBRARIES = YES;
				BUNDLE_LOADER = "$(TEST_HOST)";
				CODE_SIGN_STYLE = Automatic;
				INFOPLIST_FILE = AlertPresenterTests/Info.plist;
				LD_RUNPATH_SEARCH_PATHS = (
					"$(inherited)",
					"@executable_path/Frameworks",
					"@loader_path/Frameworks",
				);
				PRODUCT_BUNDLE_IDENTIFIER = com.VaibhavMisra.AlertPresenterTests;
				PRODUCT_NAME = "$(TARGET_NAME)";
				SWIFT_VERSION = 4.2;
				TARGETED_DEVICE_FAMILY = "1,2";
				TEST_HOST = "$(BUILT_PRODUCTS_DIR)/AlertPresenter.app/AlertPresenter";
			};
			name = Release;
		};
/* End XCBuildConfiguration section */

/* Begin XCConfigurationList section */
		EE3C0A82215DEBA2006B9217 /* Build configuration list for PBXProject "AlertPresenter" */ = {
			isa = XCConfigurationList;
			buildConfigurations = (
				EE3C0AA2215DEBA2006B9217 /* Debug */,
				EE3C0AA3215DEBA2006B9217 /* Release */,
			);
			defaultConfigurationIsVisible = 0;
			defaultConfigurationName = Release;
		};
		EE3C0AA4215DEBA2006B9217 /* Build configuration list for PBXNativeTarget "AlertPresenter" */ = {
			isa = XCConfigurationList;
			buildConfigurations = (
				EE3C0AA5215DEBA2006B9217 /* Debug */,
				EE3C0AA6215DEBA2006B9217 /* Release */,
			);
			defaultConfigurationIsVisible = 0;
			defaultConfigurationName = Release;
		};
		EE3C0AA7215DEBA2006B9217 /* Build configuration list for PBXNativeTarget "AlertPresenterTests" */ = {
			isa = XCConfigurationList;
			buildConfigurations = (
				EE3C0AA8215DEBA2006B9217 /* Debug */,
				EE3C0AA9215DEBA2006B9217 /* Release */,
			);
			defaultConfigurationIsVisible = 0;
			defaultConfigurationName = Release;
		};
/* End XCConfigurationList section */
	};
	rootObject = EE3C0A7F215DEBA2006B9217 /* Project object */;
}
